// !$*UTF8*$!
{
	archiveVersion = 1;
	classes = {
	};
	objectVersion = 46;
	objects = {

/* Begin PBXBuildFile section */
		1901017D1D06931400B80619 /* AppDelegate.m in Sources */ = {isa = PBXBuildFile; fileRef = 190101731D06931400B80619 /* AppDelegate.m */; };
		1901017E1D06931400B80619 /* Assets.xcassets in Resources */ = {isa = PBXBuildFile; fileRef = 190101741D06931400B80619 /* Assets.xcassets */; };
		1901017F1D06931400B80619 /* LaunchScreen.storyboard in Resources */ = {isa = PBXBuildFile; fileRef = 190101751D06931400B80619 /* LaunchScreen.storyboard */; };
		190101801D06931400B80619 /* Main.storyboard in Resources */ = {isa = PBXBuildFile; fileRef = 190101771D06931400B80619 /* Main.storyboard */; };
		190101811D06931400B80619 /* Info.plist in Resources */ = {isa = PBXBuildFile; fileRef = 190101791D06931400B80619 /* Info.plist */; };
		190101821D06931400B80619 /* main.m in Sources */ = {isa = PBXBuildFile; fileRef = 1901017A1D06931400B80619 /* main.m */; };
		190101831D06931400B80619 /* ViewController.m in Sources */ = {isa = PBXBuildFile; fileRef = 1901017C1D06931400B80619 /* ViewController.m */; };
		190101861D0693B500B80619 /* YXPageControl.m in Sources */ = {isa = PBXBuildFile; fileRef = 190101851D0693B500B80619 /* YXPageControl.m */; };
/* End PBXBuildFile section */

/* Begin PBXFileReference section */
		190101561D06928D00B80619 /* YXPageControl.app */ = {isa = PBXFileReference; explicitFileType = wrapper.application; includeInIndex = 0; path = YXPageControl.app; sourceTree = BUILT_PRODUCTS_DIR; };
		190101721D06931400B80619 /* AppDelegate.h */ = {isa = PBXFileReference; fileEncoding = 4; lastKnownFileType = sourcecode.c.h; path = AppDelegate.h; sourceTree = "<group>"; };
		190101731D06931400B80619 /* AppDelegate.m */ = {isa = PBXFileReference; fileEncoding = 4; lastKnownFileType = sourcecode.c.objc; path = AppDelegate.m; sourceTree = "<group>"; };
		190101741D06931400B80619 /* Assets.xcassets */ = {isa = PBXFileReference; lastKnownFileType = folder.assetcatalog; path = Assets.xcassets; sourceTree = "<group>"; };
		190101761D06931400B80619 /* Base */ = {isa = PBXFileReference; lastKnownFileType = file.storyboard; name = Base; path = Base.lproj/LaunchScreen.storyboard; sourceTree = "<group>"; };
		190101781D06931400B80619 /* Base */ = {isa = PBXFileReference; lastKnownFileType = file.storyboard; name = Base; path = Base.lproj/Main.storyboard; sourceTree = "<group>"; };
		190101791D06931400B80619 /* Info.plist */ = {isa = PBXFileReference; fileEncoding = 4; lastKnownFileType = text.plist.xml; path = Info.plist; sourceTree = "<group>"; };
		1901017A1D06931400B80619 /* main.m */ = {isa = PBXFileReference; fileEncoding = 4; lastKnownFileType = sourcecode.c.objc; path = main.m; sourceTree = "<group>"; };
		1901017B1D06931400B80619 /* ViewController.h */ = {isa = PBXFileReference; fileEncoding = 4; lastKnownFileType = sourcecode.c.h; path = ViewController.h; sourceTree = "<group>"; };
		1901017C1D06931400B80619 /* ViewController.m */ = {isa = PBXFileReference; fileEncoding = 4; lastKnownFileType = sourcecode.c.objc; path = ViewController.m; sourceTree = "<group>"; };
		190101841D0693B500B80619 /* YXPageControl.h */ = {isa = PBXFileReference; fileEncoding = 4; lastKnownFileType = sourcecode.c.h; path = YXPageControl.h; sourceTree = "<group>"; };
		190101851D0693B500B80619 /* YXPageControl.m */ = {isa = PBXFileReference; fileEncoding = 4; lastKnownFileType = sourcecode.c.objc; path = YXPageControl.m; sourceTree = "<group>"; };
/* End PBXFileReference section */

/* Begin PBXFrameworksBuildPhase section */
		190101531D06928D00B80619 /* Frameworks */ = {
			isa = PBXFrameworksBuildPhase;
			buildActionMask = 2147483647;
			files = (
			);
			runOnlyForDeploymentPostprocessing = 0;
		};
/* End PBXFrameworksBuildPhase section */

/* Begin PBXGroup section */
		1901014D1D06928D00B80619 = {
			isa = PBXGroup;
			children = (
				190101701D06931400B80619 /* YXPageControl */,
				190101711D06931400B80619 /* YXPageControlDemo */,
				190101571D06928D00B80619 /* Products */,
			);
			sourceTree = "<group>";
		};
		190101571D06928D00B80619 /* Products */ = {
			isa = PBXGroup;
			children = (
				190101561D06928D00B80619 /* YXPageControl.app */,
			);
			name = Products;
			sourceTree = "<group>";
		};
		190101701D06931400B80619 /* YXPageControl */ = {
			isa = PBXGroup;
			children = (
				190101841D0693B500B80619 /* YXPageControl.h */,
				190101851D0693B500B80619 /* YXPageControl.m */,
			);
			path = YXPageControl;
			sourceTree = "<group>";
		};
		190101711D06931400B80619 /* YXPageControlDemo */ = {
			isa = PBXGroup;
			children = (
				190101721D06931400B80619 /* AppDelegate.h */,
				190101731D06931400B80619 /* AppDelegate.m */,
				190101741D06931400B80619 /* Assets.xcassets */,
				190101751D06931400B80619 /* LaunchScreen.storyboard */,
				190101771D06931400B80619 /* Main.storyboard */,
				190101791D06931400B80619 /* Info.plist */,
				1901017A1D06931400B80619 /* main.m */,
				1901017B1D06931400B80619 /* ViewController.h */,
				1901017C1D06931400B80619 /* ViewController.m */,
			);
			path = YXPageControlDemo;
			sourceTree = "<group>";
		};
/* End PBXGroup section */

/* Begin PBXNativeTarget section */
		190101551D06928D00B80619 /* YXPageControl */ = {
			isa = PBXNativeTarget;
			buildConfigurationList = 1901016D1D06928D00B80619 /* Build configuration list for PBXNativeTarget "YXPageControl" */;
			buildPhases = (
				190101521D06928D00B80619 /* Sources */,
				190101531D06928D00B80619 /* Frameworks */,
				190101541D06928D00B80619 /* Resources */,
			);
			buildRules = (
			);
			dependencies = (
			);
			name = YXPageControl;
			productName = YXPageControl;
			productReference = 190101561D06928D00B80619 /* YXPageControl.app */;
			productType = "com.apple.product-type.application";
		};
/* End PBXNativeTarget section */

/* Begin PBXProject section */
		1901014E1D06928D00B80619 /* Project object */ = {
			isa = PBXProject;
			attributes = {
				LastUpgradeCheck = 0730;
				ORGANIZATIONNAME = lianlian;
				TargetAttributes = {
					190101551D06928D00B80619 = {
						CreatedOnToolsVersion = 7.3.1;
					};
				};
			};
			buildConfigurationList = 190101511D06928D00B80619 /* Build configuration list for PBXProject "YXPageControl" */;
			compatibilityVersion = "Xcode 3.2";
			developmentRegion = English;
			hasScannedForEncodings = 0;
			knownRegions = (
				en,
				Base,
			);
			mainGroup = 1901014D1D06928D00B80619;
			productRefGroup = 190101571D06928D00B80619 /* Products */;
			projectDirPath = "";
			projectRoot = "";
			targets = (
				190101551D06928D00B80619 /* YXPageControl */,
			);
		};
/* End PBXProject section */

/* Begin PBXResourcesBuildPhase section */
		190101541D06928D00B80619 /* Resources */ = {
			isa = PBXResourcesBuildPhase;
			buildActionMask = 2147483647;
			files = (
				190101811D06931400B80619 /* Info.plist in Resources */,
				190101801D06931400B80619 /* Main.storyboard in Resources */,
				1901017E1D06931400B80619 /* Assets.xcassets in Resources */,
				1901017F1D06931400B80619 /* LaunchScreen.storyboard in Resources */,
			);
			runOnlyForDeploymentPostprocessing = 0;
		};
/* End PBXResourcesBuildPhase section */

/* Begin PBXSourcesBuildPhase section */
		190101521D06928D00B80619 /* Sources */ = {
			isa = PBXSourcesBuildPhase;
			buildActionMask = 2147483647;
			files = (
				190101831D06931400B80619 /* ViewController.m in Sources */,
				190101861D0693B500B80619 /* YXPageControl.m in Sources */,
				190101821D06931400B80619 /* main.m in Sources */,
				1901017D1D06931400B80619 /* AppDelegate.m in Sources */,
			);
			runOnlyForDeploymentPostprocessing = 0;
		};
/* End PBXSourcesBuildPhase section */

/* Begin PBXVariantGroup section */
		190101751D06931400B80619 /* LaunchScreen.storyboard */ = {
			isa = PBXVariantGroup;
			children = (
				190101761D06931400B80619 /* Base */,
			);
			name = LaunchScreen.storyboard;
			sourceTree = "<group>";
		};
		190101771D06931400B80619 /* Main.storyboard */ = {
			isa = PBXVariantGroup;
			children = (
				190101781D06931400B80619 /* Base */,
			);
			name = Main.storyboard;
			sourceTree = "<group>";
		};
/* End PBXVariantGroup section */

/* Begin XCBuildConfiguration section */
		1901016B1D06928D00B80619 /* Debug */ = {
			isa = XCBuildConfiguration;
			buildSettings = {
				ALWAYS_SEARCH_USER_PATHS = NO;
				CLANG_ANALYZER_NONNULL = YES;
				CLANG_CXX_LANGUAGE_STANDARD = "gnu++0x";
				CLANG_CXX_LIBRARY = "libc++";
				CLANG_ENABLE_MODULES = YES;
				CLANG_ENABLE_OBJC_ARC = YES;
				CLANG_WARN_BOOL_CONVERSION = YES;
				CLANG_WARN_CONSTANT_CONVERSION = YES;
				CLANG_WARN_DIRECT_OBJC_ISA_USAGE = YES_ERROR;
				CLANG_WARN_EMPTY_BODY = YES;
				CLANG_WARN_ENUM_CONVERSION = YES;
				CLANG_WARN_INT_CONVERSION = YES;
				CLANG_WARN_OBJC_ROOT_CLASS = YES_ERROR;
				CLANG_WARN_UNREACHABLE_CODE = YES;
				CLANG_WARN__DUPLICATE_METHOD_MATCH = YES;
				"CODE_SIGN_IDENTITY[sdk=iphoneos*]" = "iPhone Developer";
				COPY_PHASE_STRIP = NO;
				DEBUG_INFORMATION_FORMAT = dwarf;
				ENABLE_STRICT_OBJC_MSGSEND = YES;
				ENABLE_TESTABILITY = YES;
				GCC_C_LANGUAGE_STANDARD = gnu99;
				GCC_DYNAMIC_NO_PIC = NO;
				GCC_NO_COMMON_BLOCKS = YES;
				GCC_OPTIMIZATION_LEVEL = 0;
				GCC_PREPROCESSOR_DEFINITIONS = (
					"DEBUG=1",
					"$(inherited)",
				);
				GCC_WARN_64_TO_32_BIT_CONVERSION = YES;
				GCC_WARN_ABOUT_RETURN_TYPE = YES_ERROR;
				GCC_WARN_UNDECLARED_SELECTOR = YES;
				GCC_WARN_UNINITIALIZED_AUTOS = YES_AGGRESSIVE;
				GCC_WARN_UNUSED_FUNCTION = YES;
				GCC_WARN_UNUSED_VARIABLE = YES;
				IPHONEOS_DEPLOYMENT_TARGET = 9.3;
				MTL_ENABLE_DEBUG_INFO = YES;
				ONLY_ACTIVE_ARCH = YES;
				SDKROOT = iphoneos;
				TARGETED_DEVICE_FAMILY = "1,2";
			};
			name = Debug;
		};
		1901016C1D06928D00B80619 /* Release */ = {
			isa = XCBuildConfiguration;
			buildSettings = {
				ALWAYS_SEARCH_USER_PATHS = NO;
				CLANG_ANALYZER_NONNULL = YES;
				CLANG_CXX_LANGUAGE_STANDARD = "gnu++0x";
				CLANG_CXX_LIBRARY = "libc++";
				CLANG_ENABLE_MODULES = YES;
				CLANG_ENABLE_OBJC_ARC = YES;
				CLANG_WARN_BOOL_CONVERSION = YES;
				CLANG_WARN_CONSTANT_CONVERSION = YES;
				CLANG_WARN_DIRECT_OBJC_ISA_USAGE = YES_ERROR;
				CLANG_WARN_EMPTY_BODY = YES;
				CLANG_WARN_ENUM_CONVERSION = YES;
				CLANG_WARN_INT_CONVERSION = YES;
				CLANG_WARN_OBJC_ROOT_CLASS = YES_ERROR;
				CLANG_WARN_UNREACHABLE_CODE = YES;
				CLANG_WARN__DUPLICATE_METHOD_MATCH = YES;
				"CODE_SIGN_IDENTITY[sdk=iphoneos*]" = "iPhone Developer";
				COPY_PHASE_STRIP = NO;
				DEBUG_INFORMATION_FORMAT = "dwarf-with-dsym";
				ENABLE_NS_ASSERTIONS = NO;
				ENABLE_STRICT_OBJC_MSGSEND = YES;
				GCC_C_LANGUAGE_STANDARD = gnu99;
				GCC_NO_COMMON_BLOCKS = YES;
				GCC_WARN_64_TO_32_BIT_CONVERSION = YES;
				GCC_WARN_ABOUT_RETURN_TYPE = YES_ERROR;
				GCC_WARN_UNDECLARED_SELECTOR = YES;
				GCC_WARN_UNINITIALIZED_AUTOS = YES_AGGRESSIVE;
				GCC_WARN_UNUSED_FUNCTION = YES;
				GCC_WARN_UNUSED_VARIABLE = YES;
				IPHONEOS_DEPLOYMENT_TARGET = 9.3;
				MTL_ENABLE_DEBUG_INFO = NO;
				SDKROOT = iphoneos;
				TARGETED_DEVICE_FAMILY = "1,2";
				VALIDATE_PRODUCT = YES;
			};
			name = Release;
		};
		1901016E1D06928D00B80619 /* Debug */ = {
			isa = XCBuildConfiguration;
			buildSettings = {
				ASSETCATALOG_COMPILER_APPICON_NAME = AppIcon;
				INFOPLIST_FILE = YXPageControlDemo/Info.plist;
				IPHONEOS_DEPLOYMENT_TARGET = 6.0;
				LD_RUNPATH_SEARCH_PATHS = "$(inherited) @executable_path/Frameworks";
				PRODUCT_BUNDLE_IDENTIFIER = com.lianlian.YXPageControl;
				PRODUCT_NAME = "$(TARGET_NAME)";
			};
			name = Debug;
		};
		1901016F1D06928D00B80619 /* Release */ = {
			isa = XCBuildConfiguration;
			buildSettings = {
				ASSETCATALOG_COMPILER_APPICON_NAME = AppIcon;
				INFOPLIST_FILE = YXPageControlDemo/Info.plist;
				IPHONEOS_DEPLOYMENT_TARGET = 6.0;
				LD_RUNPATH_SEARCH_PATHS = "$(inherited) @executable_path/Frameworks";
				PRODUCT_BUNDLE_IDENTIFIER = com.lianlian.YXPageControl;
				PRODUCT_NAME = "$(TARGET_NAME)";
			};
			name = Release;
		};
/* End XCBuildConfiguration section */

/* Begin XCConfigurationList section */
		190101511D06928D00B80619 /* Build configuration list for PBXProject "YXPageControl" */ = {
			isa = XCConfigurationList;
			buildConfigurations = (
				1901016B1D06928D00B80619 /* Debug */,
				1901016C1D06928D00B80619 /* Release */,
			);
			defaultConfigurationIsVisible = 0;
			defaultConfigurationName = Release;
		};
		1901016D1D06928D00B80619 /* Build configuration list for PBXNativeTarget "YXPageControl" */ = {
			isa = XCConfigurationList;
			buildConfigurations = (
				1901016E1D06928D00B80619 /* Debug */,
				1901016F1D06928D00B80619 /* Release */,
			);
			defaultConfigurationIsVisible = 0;
		};
/* End XCConfigurationList section */
	};
	rootObject = 1901014E1D06928D00B80619 /* Project object */;
}
